// !$*UTF8*$!
{
	archiveVersion = 1;
	classes = {
	};
	objectVersion = 50;
	objects = {

/* Begin PBXBuildFile section */
		FC5ABBB326E46C4E002FDEDC /* swuiApp.swift in Sources */ = {isa = PBXBuildFile; fileRef = FC5ABBB226E46C4E002FDEDC /* swuiApp.swift */; };
		FC5ABBB526E46C4E002FDEDC /* ContentView.swift in Sources */ = {isa = PBXBuildFile; fileRef = FC5ABBB426E46C4E002FDEDC /* ContentView.swift */; };
		FC5ABBB726E46C4F002FDEDC /* Assets.xcassets in Resources */ = {isa = PBXBuildFile; fileRef = FC5ABBB626E46C4F002FDEDC /* Assets.xcassets */; };
		FC5ABBBA26E46C4F002FDEDC /* Preview Assets.xcassets in Resources */ = {isa = PBXBuildFile; fileRef = FC5ABBB926E46C4F002FDEDC /* Preview Assets.xcassets */; };
		FC5ABBC226E472FA002FDEDC /* CircleImage.swift in Sources */ = {isa = PBXBuildFile; fileRef = FC5ABBC126E472FA002FDEDC /* CircleImage.swift */; };
		FC5ABBC426E4756F002FDEDC /* MapView.swift in Sources */ = {isa = PBXBuildFile; fileRef = FC5ABBC326E4756F002FDEDC /* MapView.swift */; };
/* End PBXBuildFile section */

/* Begin PBXFileReference section */
		FC5ABBAF26E46C4E002FDEDC /* swui.app */ = {isa = PBXFileReference; explicitFileType = wrapper.application; includeInIndex = 0; path = swui.app; sourceTree = BUILT_PRODUCTS_DIR; };
		FC5ABBB226E46C4E002FDEDC /* swuiApp.swift */ = {isa = PBXFileReference; lastKnownFileType = sourcecode.swift; path = swuiApp.swift; sourceTree = "<group>"; };
		FC5ABBB426E46C4E002FDEDC /* ContentView.swift */ = {isa = PBXFileReference; lastKnownFileType = sourcecode.swift; path = ContentView.swift; sourceTree = "<group>"; };
		FC5ABBB626E46C4F002FDEDC /* Assets.xcassets */ = {isa = PBXFileReference; lastKnownFileType = folder.assetcatalog; path = Assets.xcassets; sourceTree = "<group>"; };
		FC5ABBB926E46C4F002FDEDC /* Preview Assets.xcassets */ = {isa = PBXFileReference; lastKnownFileType = folder.assetcatalog; path = "Preview Assets.xcassets"; sourceTree = "<group>"; };
		FC5ABBBB26E46C4F002FDEDC /* Info.plist */ = {isa = PBXFileReference; lastKnownFileType = text.plist.xml; path = Info.plist; sourceTree = "<group>"; };
		FC5ABBC126E472FA002FDEDC /* CircleImage.swift */ = {isa = PBXFileReference; lastKnownFileType = sourcecode.swift; path = CircleImage.swift; sourceTree = "<group>"; };
		FC5ABBC326E4756F002FDEDC /* MapView.swift */ = {isa = PBXFileReference; lastKnownFileType = sourcecode.swift; path = MapView.swift; sourceTree = "<group>"; };
/* End PBXFileReference section */

/* Begin PBXFrameworksBuildPhase section */
		FC5ABBAC26E46C4E002FDEDC /* Frameworks */ = {
			isa = PBXFrameworksBuildPhase;
			buildActionMask = 2147483647;
			files = (
			);
			runOnlyForDeploymentPostprocessing = 0;
		};
/* End PBXFrameworksBuildPhase section */

/* Begin PBXGroup section */
		FC5ABBA626E46C4E002FDEDC = {
			isa = PBXGroup;
			children = (
				FC5ABBB126E46C4E002FDEDC /* swui */,
				FC5ABBB026E46C4E002FDEDC /* Products */,
			);
			sourceTree = "<group>";
		};
		FC5ABBB026E46C4E002FDEDC /* Products */ = {
			isa = PBXGroup;
			children = (
				FC5ABBAF26E46C4E002FDEDC /* swui.app */,
			);
			name = Products;
			sourceTree = "<group>";
		};
		FC5ABBB126E46C4E002FDEDC /* swui */ = {
			isa = PBXGroup;
			children = (
				FC5ABBB226E46C4E002FDEDC /* swuiApp.swift */,
				FC5ABBB426E46C4E002FDEDC /* ContentView.swift */,
				FC5ABBB626E46C4F002FDEDC /* Assets.xcassets */,
				FC5ABBC126E472FA002FDEDC /* CircleImage.swift */,
				FC5ABBC326E4756F002FDEDC /* MapView.swift */,
				FC5ABBBB26E46C4F002FDEDC /* Info.plist */,
				FC5ABBB826E46C4F002FDEDC /* Preview Content */,
			);
			path = swui;
			sourceTree = "<group>";
		};
		FC5ABBB826E46C4F002FDEDC /* Preview Content */ = {
			isa = PBXGroup;
			children = (
				FC5ABBB926E46C4F002FDEDC /* Preview Assets.xcassets */,
			);
			path = "Preview Content";
			sourceTree = "<group>";
		};
/* End PBXGroup section */

/* Begin PBXNativeTarget section */
		FC5ABBAE26E46C4E002FDEDC /* swui */ = {
			isa = PBXNativeTarget;
			buildConfigurationList = FC5ABBBE26E46C4F002FDEDC /* Build configuration list for PBXNativeTarget "swui" */;
			buildPhases = (
				FC5ABBAB26E46C4E002FDEDC /* Sources */,
				FC5ABBAC26E46C4E002FDEDC /* Frameworks */,
				FC5ABBAD26E46C4E002FDEDC /* Resources */,
			);
			buildRules = (
			);
			dependencies = (
			);
			name = swui;
			productName = swui;
			productReference = FC5ABBAF26E46C4E002FDEDC /* swui.app */;
			productType = "com.apple.product-type.application";
		};
/* End PBXNativeTarget section */

/* Begin PBXProject section */
		FC5ABBA726E46C4E002FDEDC /* Project object */ = {
			isa = PBXProject;
			attributes = {
				LastSwiftUpdateCheck = 1250;
				LastUpgradeCheck = 1250;
				TargetAttributes = {
					FC5ABBAE26E46C4E002FDEDC = {
						CreatedOnToolsVersion = 12.5.1;
					};
				};
			};
			buildConfigurationList = FC5ABBAA26E46C4E002FDEDC /* Build configuration list for PBXProject "swui" */;
			compatibilityVersion = "Xcode 9.3";
			developmentRegion = en;
			hasScannedForEncodings = 0;
			knownRegions = (
				en,
				Base,
			);
			mainGroup = FC5ABBA626E46C4E002FDEDC;
			productRefGroup = FC5ABBB026E46C4E002FDEDC /* Products */;
			projectDirPath = "";
			projectRoot = "";
			targets = (
				FC5ABBAE26E46C4E002FDEDC /* swui */,
			);
		};
/* End PBXProject section */

/* Begin PBXResourcesBuildPhase section */
		FC5ABBAD26E46C4E002FDEDC /* Resources */ = {
			isa = PBXResourcesBuildPhase;
			buildActionMask = 2147483647;
			files = (
				FC5ABBBA26E46C4F002FDEDC /* Preview Assets.xcassets in Resources */,
				FC5ABBB726E46C4F002FDEDC /* Assets.xcassets in Resources */,
			);
			runOnlyForDeploymentPostprocessing = 0;
		};
/* End PBXResourcesBuildPhase section */

/* Begin PBXSourcesBuildPhase section */
		FC5ABBAB26E46C4E002FDEDC /* Sources */ = {
			isa = PBXSourcesBuildPhase;
			buildActionMask = 2147483647;
			files = (
				FC5ABBB526E46C4E002FDEDC /* ContentView.swift in Sources */,
				FC5ABBC426E4756F002FDEDC /* MapView.swift in Sources */,
				FC5ABBB326E46C4E002FDEDC /* swuiApp.swift in Sources */,
				FC5ABBC226E472FA002FDEDC /* CircleImage.swift in Sources */,
			);
			runOnlyForDeploymentPostprocessing = 0;
		};
/* End PBXSourcesBuildPhase section */

/* Begin XCBuildConfiguration section */
		FC5ABBBC26E46C4F002FDEDC /* Debug */ = {
			isa = XCBuildConfiguration;
			buildSettings = {
				ALWAYS_SEARCH_USER_PATHS = NO;
				CLANG_ANALYZER_NONNULL = YES;
				CLANG_ANALYZER_NUMBER_OBJECT_CONVERSION = YES_AGGRESSIVE;
				CLANG_CXX_LANGUAGE_STANDARD = "gnu++14";
				CLANG_CXX_LIBRARY = "libc++";
				CLANG_ENABLE_MODULES = YES;
				CLANG_ENABLE_OBJC_ARC = YES;
				CLANG_ENABLE_OBJC_WEAK = YES;
				CLANG_WARN_BLOCK_CAPTURE_AUTORELEASING = YES;
				CLANG_WARN_BOOL_CONVERSION = YES;
				CLANG_WARN_COMMA = YES;
				CLANG_WARN_CONSTANT_CONVERSION = YES;
				CLANG_WARN_DEPRECATED_OBJC_IMPLEMENTATIONS = YES;
				CLANG_WARN_DIRECT_OBJC_ISA_USAGE = YES_ERROR;
				CLANG_WARN_DOCUMENTATION_COMMENTS = YES;
				CLANG_WARN_EMPTY_BODY = YES;
				CLANG_WARN_ENUM_CONVERSION = YES;
				CLANG_WARN_INFINITE_RECURSION = YES;
				CLANG_WARN_INT_CONVERSION = YES;
				CLANG_WARN_NON_LITERAL_NULL_CONVERSION = YES;
				CLANG_WARN_OBJC_IMPLICIT_RETAIN_SELF = YES;
				CLANG_WARN_OBJC_LITERAL_CONVERSION = YES;
				CLANG_WARN_OBJC_ROOT_CLASS = YES_ERROR;
				CLANG_WARN_QUOTED_INCLUDE_IN_FRAMEWORK_HEADER = YES;
				CLANG_WARN_RANGE_LOOP_ANALYSIS = YES;
				CLANG_WARN_STRICT_PROTOTYPES = YES;
				CLANG_WARN_SUSPICIOUS_MOVE = YES;
				CLANG_WARN_UNGUARDED_AVAILABILITY = YES_AGGRESSIVE;
				CLANG_WARN_UNREACHABLE_CODE = YES;
				CLANG_WARN__DUPLICATE_METHOD_MATCH = YES;
				COPY_PHASE_STRIP = NO;
				DEBUG_INFORMATION_FORMAT = dwarf;
				ENABLE_STRICT_OBJC_MSGSEND = YES;
				ENABLE_TESTABILITY = YES;
				GCC_C_LANGUAGE_STANDARD = gnu11;
				GCC_DYNAMIC_NO_PIC = NO;
				GCC_NO_COMMON_BLOCKS = YES;
				GCC_OPTIMIZATION_LEVEL = 0;
				GCC_PREPROCESSOR_DEFINITIONS = (
					"DEBUG=1",
					"$(inherited)",
				);
				GCC_WARN_64_TO_32_BIT_CONVERSION = YES;
				GCC_WARN_ABOUT_RETURN_TYPE = YES_ERROR;
				GCC_WARN_UNDECLARED_SELECTOR = YES;
				GCC_WARN_UNINITIALIZED_AUTOS = YES_AGGRESSIVE;
				GCC_WARN_UNUSED_FUNCTION = YES;
				GCC_WARN_UNUSED_VARIABLE = YES;
				IPHONEOS_DEPLOYMENT_TARGET = 14.5;
				MTL_ENABLE_DEBUG_INFO = INCLUDE_SOURCE;
				MTL_FAST_MATH = YES;
				ONLY_ACTIVE_ARCH = YES;
				SDKROOT = iphoneos;
				SWIFT_ACTIVE_COMPILATION_CONDITIONS = DEBUG;
				SWIFT_OPTIMIZATION_LEVEL = "-Onone";
			};
			name = Debug;
		};
		FC5ABBBD26E46C4F002FDEDC /* Release */ = {
			isa = XCBuildConfiguration;
			buildSettings = {
				ALWAYS_SEARCH_USER_PATHS = NO;
				CLANG_ANALYZER_NONNULL = YES;
				CLANG_ANALYZER_NUMBER_OBJECT_CONVERSION = YES_AGGRESSIVE;
				CLANG_CXX_LANGUAGE_STANDARD = "gnu++14";
				CLANG_CXX_LIBRARY = "libc++";
				CLANG_ENABLE_MODULES = YES;
				CLANG_ENABLE_OBJC_ARC = YES;
				CLANG_ENABLE_OBJC_WEAK = YES;
				CLANG_WARN_BLOCK_CAPTURE_AUTORELEASING = YES;
				CLANG_WARN_BOOL_CONVERSION = YES;
				CLANG_WARN_COMMA = YES;
				CLANG_WARN_CONSTANT_CONVERSION = YES;
				CLANG_WARN_DEPRECATED_OBJC_IMPLEMENTATIONS = YES;
				CLANG_WARN_DIRECT_OBJC_ISA_USAGE = YES_ERROR;
				CLANG_WARN_DOCUMENTATION_COMMENTS = YES;
				CLANG_WARN_EMPTY_BODY = YES;
				CLANG_WARN_ENUM_CONVERSION = YES;
				CLANG_WARN_INFINITE_RECURSION = YES;
				CLANG_WARN_INT_CONVERSION = YES;
				CLANG_WARN_NON_LITERAL_NULL_CONVERSION = YES;
				CLANG_WARN_OBJC_IMPLICIT_RETAIN_SELF = YES;
				CLANG_WARN_OBJC_LITERAL_CONVERSION = YES;
				CLANG_WARN_OBJC_ROOT_CLASS = YES_ERROR;
				CLANG_WARN_QUOTED_INCLUDE_IN_FRAMEWORK_HEADER = YES;
				CLANG_WARN_RANGE_LOOP_ANALYSIS = YES;
				CLANG_WARN_STRICT_PROTOTYPES = YES;
				CLANG_WARN_SUSPICIOUS_MOVE = YES;
				CLANG_WARN_UNGUARDED_AVAILABILITY = YES_AGGRESSIVE;
				CLANG_WARN_UNREACHABLE_CODE = YES;
				CLANG_WARN__DUPLICATE_METHOD_MATCH = YES;
				COPY_PHASE_STRIP = NO;
				DEBUG_INFORMATION_FORMAT = "dwarf-with-dsym";
				ENABLE_NS_ASSERTIONS = NO;
				ENABLE_STRICT_OBJC_MSGSEND = YES;
				GCC_C_LANGUAGE_STANDARD = gnu11;
				GCC_NO_COMMON_BLOCKS = YES;
				GCC_WARN_64_TO_32_BIT_CONVERSION = YES;
				GCC_WARN_ABOUT_RETURN_TYPE = YES_ERROR;
				GCC_WARN_UNDECLARED_SELECTOR = YES;
				GCC_WARN_UNINITIALIZED_AUTOS = YES_AGGRESSIVE;
				GCC_WARN_UNUSED_FUNCTION = YES;
				GCC_WARN_UNUSED_VARIABLE = YES;
				IPHONEOS_DEPLOYMENT_TARGET = 14.5;
				MTL_ENABLE_DEBUG_INFO = NO;
				MTL_FAST_MATH = YES;
				SDKROOT = iphoneos;
				SWIFT_COMPILATION_MODE = wholemodule;
				SWIFT_OPTIMIZATION_LEVEL = "-O";
				VALIDATE_PRODUCT = YES;
			};
			name = Release;
		};
		FC5ABBBF26E46C4F002FDEDC /* Debug */ = {
			isa = XCBuildConfiguration;
			buildSettings = {
				ASSETCATALOG_COMPILER_APPICON_NAME = AppIcon;
				ASSETCATALOG_COMPILER_GLOBAL_ACCENT_COLOR_NAME = AccentColor;
				CODE_SIGN_STYLE = Automatic;
				DEVELOPMENT_ASSET_PATHS = "\"swui/Preview Content\"";
				ENABLE_PREVIEWS = YES;
				INFOPLIST_FILE = swui/Info.plist;
				IPHONEOS_DEPLOYMENT_TARGET = 14.0;
				LD_RUNPATH_SEARCH_PATHS = (
					"$(inherited)",
					"@executable_path/Frameworks",
				);
				PRODUCT_BUNDLE_IDENTIFIER = com.cenfotec.mov02.05.swui;
				PRODUCT_NAME = "$(TARGET_NAME)";
				SWIFT_VERSION = 5.0;
				TARGETED_DEVICE_FAMILY = "1,2";
			};
			name = Debug;
		};
		FC5ABBC026E46C4F002FDEDC /* Release */ = {
			isa = XCBuildConfiguration;
			buildSettings = {
				ASSETCATALOG_COMPILER_APPICON_NAME = AppIcon;
				ASSETCATALOG_COMPILER_GLOBAL_ACCENT_COLOR_NAME = AccentColor;
				CODE_SIGN_STYLE = Automatic;
				DEVELOPMENT_ASSET_PATHS = "\"swui/Preview Content\"";
				ENABLE_PREVIEWS = YES;
				INFOPLIST_FILE = swui/Info.plist;
				IPHONEOS_DEPLOYMENT_TARGET = 14.0;
				LD_RUNPATH_SEARCH_PATHS = (
					"$(inherited)",
					"@executable_path/Frameworks",
				);
				PRODUCT_BUNDLE_IDENTIFIER = com.cenfotec.mov02.05.swui;
				PRODUCT_NAME = "$(TARGET_NAME)";
				SWIFT_VERSION = 5.0;
				TARGETED_DEVICE_FAMILY = "1,2";
			};
			name = Release;
		};
/* End XCBuildConfiguration section */

/* Begin XCConfigurationList section */
		FC5ABBAA26E46C4E002FDEDC /* Build configuration list for PBXProject "swui" */ = {
			isa = XCConfigurationList;
			buildConfigurations = (
				FC5ABBBC26E46C4F002FDEDC /* Debug */,
				FC5ABBBD26E46C4F002FDEDC /* Release */,
			);
			defaultConfigurationIsVisible = 0;
			defaultConfigurationName = Release;
		};
		FC5ABBBE26E46C4F002FDEDC /* Build configuration list for PBXNativeTarget "swui" */ = {
			isa = XCConfigurationList;
			buildConfigurations = (
				FC5ABBBF26E46C4F002FDEDC /* Debug */,
				FC5ABBC026E46C4F002FDEDC /* Release */,
			);
			defaultConfigurationIsVisible = 0;
			defaultConfigurationName = Release;
		};
/* End XCConfigurationList section */
	};
	rootObject = FC5ABBA726E46C4E002FDEDC /* Project object */;
}
